
Microsoft Visual Studio Solution File, Format Version 12.00
# Visual Studio Version 16
VisualStudioVersion = 16.0.29403.142
MinimumVisualStudioVersion = 10.0.40219.1
Project("{FAE04EC0-301F-11D3-BF4B-00C04F79EFBC}") = "PDEPermit", "PDEPermit\PDEPermit.csproj", "{DCB5562B-08A0-468D-BD5D-E65ADA30881E}"
	ProjectSection(ProjectDependencies) = postProject
		{6CDF220F-864C-48C1-86A8-45758729C958} = {6CDF220F-864C-48C1-86A8-45758729C958}
		{4A84C415-7160-4983-A451-A20DAFBFDE25} = {4A84C415-7160-4983-A451-A20DAFBFDE25}
		{6ADB59E4-6293-4781-AB91-6D4FA495FF64} = {6ADB59E4-6293-4781-AB91-6D4FA495FF64}
	EndProjectSection
EndProject
Project("{FAE04EC0-301F-11D3-BF4B-00C04F79EFBC}") = "Permit", "Permit\Permit.csproj", "{EE219F3E-CD46-4F1F-A85E-6559CEF81A0C}"
EndProject
Project("{FAE04EC0-301F-11D3-BF4B-00C04F79EFBC}") = "Facility", "Facility\Facility.csproj", "{7063907C-0872-41BB-8323-D2EEEC3B5997}"
EndProject
Project("{FAE04EC0-301F-11D3-BF4B-00C04F79EFBC}") = "StationarySource", "StationarySource\StationarySource.csproj", "{066A5FD5-4853-45F4-B833-0FA419792F5E}"
EndProject
Project("{FAE04EC0-301F-11D3-BF4B-00C04F79EFBC}") = "PDEPermitComponents", "PDEPermitComponents\PDEPermitComponents.csproj", "{57966DFC-387C-418F-AC8F-271F9A2AFECB}"
EndProject
Project("{FAE04EC0-301F-11D3-BF4B-00C04F79EFBC}") = "Contact", "Contact\Contact.csproj", "{84A50123-37B8-4468-8F78-4CBFC9F6BE06}"
	ProjectSection(ProjectDependencies) = postProject
		{57966DFC-387C-418F-AC8F-271F9A2AFECB} = {57966DFC-387C-418F-AC8F-271F9A2AFECB}
	EndProjectSection
EndProject
Project("{FAE04EC0-301F-11D3-BF4B-00C04F79EFBC}") = "Letters", "usrLetters\Letters.csproj", "{A56F2D7A-9E4A-4CAA-8E23-BEF502533FB9}"
EndProject
Project("{FAE04EC0-301F-11D3-BF4B-00C04F79EFBC}") = "TransOO", "TransOO\TransOO.csproj", "{37C82553-77FD-4EC9-9D66-0564A938A940}"
EndProject
Project("{FAE04EC0-301F-11D3-BF4B-00C04F79EFBC}") = "Device", "Device\Device.csproj", "{4A84C415-7160-4983-A451-A20DAFBFDE25}"
EndProject
Project("{FAE04EC0-301F-11D3-BF4B-00C04F79EFBC}") = "ContactComponents", "..\ContactComponents\ContactComponents.csproj", "{6ADB59E4-6293-4781-AB91-6D4FA495FF64}"
EndProject
Project("{FAE04EC0-301F-11D3-BF4B-00C04F79EFBC}") = "PermitComponents", "..\PermitComponents\PermitComponents.csproj", "{20AA1995-A859-42A5-809B-2DB03C6FAF60}"
EndProject
Project("{FAE04EC0-301F-11D3-BF4B-00C04F79EFBC}") = "Company", "..\Company\Company.csproj", "{65C80108-0D84-4C3D-9290-C779E74FFE58}"
EndProject
Project("{FAE04EC0-301F-11D3-BF4B-00C04F79EFBC}") = "Location", "..\Location\Location.csproj", "{3C8F5FEC-5D55-4B7E-8826-FE24974816F3}"
EndProject
Project("{FAE04EC0-301F-11D3-BF4B-00C04F79EFBC}") = "Address", "..\Address\Address.csproj", "{6CDF220F-864C-48C1-86A8-45758729C958}"
EndProject
Project("{FAE04EC0-301F-11D3-BF4B-00C04F79EFBC}") = "FacilityComponents", "..\..\IDS2\Compliance2\FacilityComponents\FacilityComponents.csproj", "{6B6FC79D-9E58-46B8-B78A-52F430D42F07}"
EndProject
Project("{FAE04EC0-301F-11D3-BF4B-00C04F79EFBC}") = "AnnualReportTracking", "..\PDEAnnualReportsTracking\AnnualReportTracking\AnnualReportTracking.csproj", "{FD85CC95-CD2D-4283-B679-2A5CBCFAA0EE}"
EndProject
Project("{FAE04EC0-301F-11D3-BF4B-00C04F79EFBC}") = "FacillityHistory", "..\..\IDS2\FacillityHistory\FacillityHistory.csproj", "{5B773E87-02E7-40A3-B5D9-B6143A29F850}"
EndProject
Project("{FAE04EC0-301F-11D3-BF4B-00C04F79EFBC}") = "PdfData", "..\..\IDS2\PdfOperations\PdfData\PdfData.csproj", "{D0A2B1F8-27AB-4C2C-AB64-9BAB3303E08E}"
EndProject
Global
	GlobalSection(SolutionConfigurationPlatforms) = preSolution
		Debug|Any CPU = Debug|Any CPU
		Debug|x86 = Debug|x86
		Debug2|Any CPU = Debug2|Any CPU
		Debug2|x86 = Debug2|x86
		DebugLocal|Any CPU = DebugLocal|Any CPU
		DebugLocal|x86 = DebugLocal|x86
		Production|Any CPU = Production|Any CPU
		Production|x86 = Production|x86
		Release|Any CPU = Release|Any CPU
		Release|x86 = Release|x86
	EndGlobalSection
	GlobalSection(ProjectConfigurationPlatforms) = postSolution
		{DCB5562B-08A0-468D-BD5D-E65ADA30881E}.Debug|Any CPU.ActiveCfg = Debug|x86
		{DCB5562B-08A0-468D-BD5D-E65ADA30881E}.Debug|Any CPU.Build.0 = Debug|x86
		{DCB5562B-08A0-468D-BD5D-E65ADA30881E}.Debug|x86.ActiveCfg = Debug|x86
		{DCB5562B-08A0-468D-BD5D-E65ADA30881E}.Debug|x86.Build.0 = Debug|x86
		{DCB5562B-08A0-468D-BD5D-E65ADA30881E}.Debug2|Any CPU.ActiveCfg = Debug|Any CPU
		{DCB5562B-08A0-468D-BD5D-E65ADA30881E}.Debug2|Any CPU.Build.0 = Debug|Any CPU
		{DCB5562B-08A0-468D-BD5D-E65ADA30881E}.Debug2|x86.ActiveCfg = Debug|x86
		{DCB5562B-08A0-468D-BD5D-E65ADA30881E}.Debug2|x86.Build.0 = Debug|x86
		{DCB5562B-08A0-468D-BD5D-E65ADA30881E}.DebugLocal|Any CPU.ActiveCfg = Debug|Any CPU
		{DCB5562B-08A0-468D-BD5D-E65ADA30881E}.DebugLocal|Any CPU.Build.0 = Debug|Any CPU
		{DCB5562B-08A0-468D-BD5D-E65ADA30881E}.DebugLocal|x86.ActiveCfg = Debug|x86
		{DCB5562B-08A0-468D-BD5D-E65ADA30881E}.DebugLocal|x86.Build.0 = Debug|x86
		{DCB5562B-08A0-468D-BD5D-E65ADA30881E}.Production|Any CPU.ActiveCfg = Release|x86
		{DCB5562B-08A0-468D-BD5D-E65ADA30881E}.Production|Any CPU.Build.0 = Release|x86
		{DCB5562B-08A0-468D-BD5D-E65ADA30881E}.Production|x86.ActiveCfg = Release|x86
		{DCB5562B-08A0-468D-BD5D-E65ADA30881E}.Production|x86.Build.0 = Release|x86
		{DCB5562B-08A0-468D-BD5D-E65ADA30881E}.Release|Any CPU.ActiveCfg = Release|x86
		{DCB5562B-08A0-468D-BD5D-E65ADA30881E}.Release|Any CPU.Build.0 = Release|x86
		{DCB5562B-08A0-468D-BD5D-E65ADA30881E}.Release|x86.ActiveCfg = Release|x86
		{DCB5562B-08A0-468D-BD5D-E65ADA30881E}.Release|x86.Build.0 = Release|x86
		{EE219F3E-CD46-4F1F-A85E-6559CEF81A0C}.Debug|Any CPU.ActiveCfg = Debug|Any CPU
		{EE219F3E-CD46-4F1F-A85E-6559CEF81A0C}.Debug|Any CPU.Build.0 = Debug|Any CPU
		{EE219F3E-CD46-4F1F-A85E-6559CEF81A0C}.Debug|x86.ActiveCfg = Debug|x86
		{EE219F3E-CD46-4F1F-A85E-6559CEF81A0C}.Debug|x86.Build.0 = Debug|x86
		{EE219F3E-CD46-4F1F-A85E-6559CEF81A0C}.Debug2|Any CPU.ActiveCfg = Debug|Any CPU
		{EE219F3E-CD46-4F1F-A85E-6559CEF81A0C}.Debug2|Any CPU.Build.0 = Debug|Any CPU
		{EE219F3E-CD46-4F1F-A85E-6559CEF81A0C}.Debug2|x86.ActiveCfg = Debug|x86
		{EE219F3E-CD46-4F1F-A85E-6559CEF81A0C}.Debug2|x86.Build.0 = Debug|x86
		{EE219F3E-CD46-4F1F-A85E-6559CEF81A0C}.DebugLocal|Any CPU.ActiveCfg = Debug|Any CPU
		{EE219F3E-CD46-4F1F-A85E-6559CEF81A0C}.DebugLocal|Any CPU.Build.0 = Debug|Any CPU
		{EE219F3E-CD46-4F1F-A85E-6559CEF81A0C}.DebugLocal|x86.ActiveCfg = Debug|x86
		{EE219F3E-CD46-4F1F-A85E-6559CEF81A0C}.DebugLocal|x86.Build.0 = Debug|x86
		{EE219F3E-CD46-4F1F-A85E-6559CEF81A0C}.Production|Any CPU.ActiveCfg = Release|Any CPU
		{EE219F3E-CD46-4F1F-A85E-6559CEF81A0C}.Production|Any CPU.Build.0 = Release|Any CPU
		{EE219F3E-CD46-4F1F-A85E-6559CEF81A0C}.Production|x86.ActiveCfg = Release|x86
		{EE219F3E-CD46-4F1F-A85E-6559CEF81A0C}.Production|x86.Build.0 = Release|x86
		{EE219F3E-CD46-4F1F-A85E-6559CEF81A0C}.Release|Any CPU.ActiveCfg = Release|Any CPU
		{EE219F3E-CD46-4F1F-A85E-6559CEF81A0C}.Release|Any CPU.Build.0 = Release|Any CPU
		{EE219F3E-CD46-4F1F-A85E-6559CEF81A0C}.Release|x86.ActiveCfg = Release|x86
		{EE219F3E-CD46-4F1F-A85E-6559CEF81A0C}.Release|x86.Build.0 = Release|x86
		{7063907C-0872-41BB-8323-D2EEEC3B5997}.Debug|Any CPU.ActiveCfg = Debug|Any CPU
		{7063907C-0872-41BB-8323-D2EEEC3B5997}.Debug|Any CPU.Build.0 = Debug|Any CPU
		{7063907C-0872-41BB-8323-D2EEEC3B5997}.Debug|x86.ActiveCfg = Debug|x86
		{7063907C-0872-41BB-8323-D2EEEC3B5997}.Debug|x86.Build.0 = Debug|x86
		{7063907C-0872-41BB-8323-D2EEEC3B5997}.Debug2|Any CPU.ActiveCfg = Debug|Any CPU
		{7063907C-0872-41BB-8323-D2EEEC3B5997}.Debug2|Any CPU.Build.0 = Debug|Any CPU
		{7063907C-0872-41BB-8323-D2EEEC3B5997}.Debug2|x86.ActiveCfg = Debug|x86
		{7063907C-0872-41BB-8323-D2EEEC3B5997}.Debug2|x86.Build.0 = Debug|x86
		{7063907C-0872-41BB-8323-D2EEEC3B5997}.DebugLocal|Any CPU.ActiveCfg = Debug|Any CPU
		{7063907C-0872-41BB-8323-D2EEEC3B5997}.DebugLocal|Any CPU.Build.0 = Debug|Any CPU
		{7063907C-0872-41BB-8323-D2EEEC3B5997}.DebugLocal|x86.ActiveCfg = Debug|x86
		{7063907C-0872-41BB-8323-D2EEEC3B5997}.DebugLocal|x86.Build.0 = Debug|x86
		{7063907C-0872-41BB-8323-D2EEEC3B5997}.Production|Any CPU.ActiveCfg = Release|Any CPU
		{7063907C-0872-41BB-8323-D2EEEC3B5997}.Production|Any CPU.Build.0 = Release|Any CPU
		{7063907C-0872-41BB-8323-D2EEEC3B5997}.Production|x86.ActiveCfg = Release|x86
		{7063907C-0872-41BB-8323-D2EEEC3B5997}.Production|x86.Build.0 = Release|x86
		{7063907C-0872-41BB-8323-D2EEEC3B5997}.Release|Any CPU.ActiveCfg = Release|Any CPU
		{7063907C-0872-41BB-8323-D2EEEC3B5997}.Release|Any CPU.Build.0 = Release|Any CPU
		{7063907C-0872-41BB-8323-D2EEEC3B5997}.Release|x86.ActiveCfg = Release|x86
		{7063907C-0872-41BB-8323-D2EEEC3B5997}.Release|x86.Build.0 = Release|x86
		{066A5FD5-4853-45F4-B833-0FA419792F5E}.Debug|Any CPU.ActiveCfg = Debug|Any CPU
		{066A5FD5-4853-45F4-B833-0FA419792F5E}.Debug|Any CPU.Build.0 = Debug|Any CPU
		{066A5FD5-4853-45F4-B833-0FA419792F5E}.Debug|x86.ActiveCfg = Debug|x86
		{066A5FD5-4853-45F4-B833-0FA419792F5E}.Debug|x86.Build.0 = Debug|x86
		{066A5FD5-4853-45F4-B833-0FA419792F5E}.Debug2|Any CPU.ActiveCfg = Debug|Any CPU
		{066A5FD5-4853-45F4-B833-0FA419792F5E}.Debug2|Any CPU.Build.0 = Debug|Any CPU
		{066A5FD5-4853-45F4-B833-0FA419792F5E}.Debug2|x86.ActiveCfg = Debug|x86
		{066A5FD5-4853-45F4-B833-0FA419792F5E}.Debug2|x86.Build.0 = Debug|x86
		{066A5FD5-4853-45F4-B833-0FA419792F5E}.DebugLocal|Any CPU.ActiveCfg = Debug|Any CPU
		{066A5FD5-4853-45F4-B833-0FA419792F5E}.DebugLocal|Any CPU.Build.0 = Debug|Any CPU
		{066A5FD5-4853-45F4-B833-0FA419792F5E}.DebugLocal|x86.ActiveCfg = Debug|x86
		{066A5FD5-4853-45F4-B833-0FA419792F5E}.DebugLocal|x86.Build.0 = Debug|x86
		{066A5FD5-4853-45F4-B833-0FA419792F5E}.Production|Any CPU.ActiveCfg = Release|Any CPU
		{066A5FD5-4853-45F4-B833-0FA419792F5E}.Production|Any CPU.Build.0 = Release|Any CPU
		{066A5FD5-4853-45F4-B833-0FA419792F5E}.Production|x86.ActiveCfg = Release|x86
		{066A5FD5-4853-45F4-B833-0FA419792F5E}.Production|x86.Build.0 = Release|x86
		{066A5FD5-4853-45F4-B833-0FA419792F5E}.Release|Any CPU.ActiveCfg = Release|Any CPU
		{066A5FD5-4853-45F4-B833-0FA419792F5E}.Release|Any CPU.Build.0 = Release|Any CPU
		{066A5FD5-4853-45F4-B833-0FA419792F5E}.Release|x86.ActiveCfg = Release|x86
		{066A5FD5-4853-45F4-B833-0FA419792F5E}.Release|x86.Build.0 = Release|x86
		{57966DFC-387C-418F-AC8F-271F9A2AFECB}.Debug|Any CPU.ActiveCfg = Debug|Any CPU
		{57966DFC-387C-418F-AC8F-271F9A2AFECB}.Debug|Any CPU.Build.0 = Debug|Any CPU
		{57966DFC-387C-418F-AC8F-271F9A2AFECB}.Debug|x86.ActiveCfg = Debug|x86
		{57966DFC-387C-418F-AC8F-271F9A2AFECB}.Debug|x86.Build.0 = Debug|x86
		{57966DFC-387C-418F-AC8F-271F9A2AFECB}.Debug2|Any CPU.ActiveCfg = Debug|Any CPU
		{57966DFC-387C-418F-AC8F-271F9A2AFECB}.Debug2|Any CPU.Build.0 = Debug|Any CPU
		{57966DFC-387C-418F-AC8F-271F9A2AFECB}.Debug2|x86.ActiveCfg = Debug|x86
		{57966DFC-387C-418F-AC8F-271F9A2AFECB}.Debug2|x86.Build.0 = Debug|x86
		{57966DFC-387C-418F-AC8F-271F9A2AFECB}.DebugLocal|Any CPU.ActiveCfg = Debug|Any CPU
		{57966DFC-387C-418F-AC8F-271F9A2AFECB}.DebugLocal|Any CPU.Build.0 = Debug|Any CPU
		{57966DFC-387C-418F-AC8F-271F9A2AFECB}.DebugLocal|x86.ActiveCfg = Debug|x86
		{57966DFC-387C-418F-AC8F-271F9A2AFECB}.DebugLocal|x86.Build.0 = Debug|x86
		{57966DFC-387C-418F-AC8F-271F9A2AFECB}.Production|Any CPU.ActiveCfg = Release|Any CPU
		{57966DFC-387C-418F-AC8F-271F9A2AFECB}.Production|Any CPU.Build.0 = Release|Any CPU
		{57966DFC-387C-418F-AC8F-271F9A2AFECB}.Production|x86.ActiveCfg = Release|x86
		{57966DFC-387C-418F-AC8F-271F9A2AFECB}.Production|x86.Build.0 = Release|x86
		{57966DFC-387C-418F-AC8F-271F9A2AFECB}.Release|Any CPU.ActiveCfg = Release|Any CPU
		{57966DFC-387C-418F-AC8F-271F9A2AFECB}.Release|Any CPU.Build.0 = Release|Any CPU
		{57966DFC-387C-418F-AC8F-271F9A2AFECB}.Release|x86.ActiveCfg = Release|x86
		{57966DFC-387C-418F-AC8F-271F9A2AFECB}.Release|x86.Build.0 = Release|x86
		{84A50123-37B8-4468-8F78-4CBFC9F6BE06}.Debug|Any CPU.ActiveCfg = Debug|Any CPU
		{84A50123-37B8-4468-8F78-4CBFC9F6BE06}.Debug|Any CPU.Build.0 = Debug|Any CPU
		{84A50123-37B8-4468-8F78-4CBFC9F6BE06}.Debug|x86.ActiveCfg = Debug|x86
		{84A50123-37B8-4468-8F78-4CBFC9F6BE06}.Debug|x86.Build.0 = Debug|x86
		{84A50123-37B8-4468-8F78-4CBFC9F6BE06}.Debug2|Any CPU.ActiveCfg = Debug|Any CPU
		{84A50123-37B8-4468-8F78-4CBFC9F6BE06}.Debug2|Any CPU.Build.0 = Debug|Any CPU
		{84A50123-37B8-4468-8F78-4CBFC9F6BE06}.Debug2|x86.ActiveCfg = Debug|x86
		{84A50123-37B8-4468-8F78-4CBFC9F6BE06}.Debug2|x86.Build.0 = Debug|x86
		{84A50123-37B8-4468-8F78-4CBFC9F6BE06}.DebugLocal|Any CPU.ActiveCfg = Debug|Any CPU
		{84A50123-37B8-4468-8F78-4CBFC9F6BE06}.DebugLocal|Any CPU.Build.0 = Debug|Any CPU
		{84A50123-37B8-4468-8F78-4CBFC9F6BE06}.DebugLocal|x86.ActiveCfg = Debug|x86
		{84A50123-37B8-4468-8F78-4CBFC9F6BE06}.DebugLocal|x86.Build.0 = Debug|x86
		{84A50123-37B8-4468-8F78-4CBFC9F6BE06}.Production|Any CPU.ActiveCfg = Release|Any CPU
		{84A50123-37B8-4468-8F78-4CBFC9F6BE06}.Production|Any CPU.Build.0 = Release|Any CPU
		{84A50123-37B8-4468-8F78-4CBFC9F6BE06}.Production|x86.ActiveCfg = Release|x86
		{84A50123-37B8-4468-8F78-4CBFC9F6BE06}.Production|x86.Build.0 = Release|x86
		{84A50123-37B8-4468-8F78-4CBFC9F6BE06}.Release|Any CPU.ActiveCfg = Release|Any CPU
		{84A50123-37B8-4468-8F78-4CBFC9F6BE06}.Release|Any CPU.Build.0 = Release|Any CPU
		{84A50123-37B8-4468-8F78-4CBFC9F6BE06}.Release|x86.ActiveCfg = Release|x86
		{84A50123-37B8-4468-8F78-4CBFC9F6BE06}.Release|x86.Build.0 = Release|x86
		{A56F2D7A-9E4A-4CAA-8E23-BEF502533FB9}.Debug|Any CPU.ActiveCfg = Debug|Any CPU
		{A56F2D7A-9E4A-4CAA-8E23-BEF502533FB9}.Debug|Any CPU.Build.0 = Debug|Any CPU
		{A56F2D7A-9E4A-4CAA-8E23-BEF502533FB9}.Debug|x86.ActiveCfg = Debug|Any CPU
		{A56F2D7A-9E4A-4CAA-8E23-BEF502533FB9}.Debug2|Any CPU.ActiveCfg = Debug|Any CPU
		{A56F2D7A-9E4A-4CAA-8E23-BEF502533FB9}.Debug2|Any CPU.Build.0 = Debug|Any CPU
		{A56F2D7A-9E4A-4CAA-8E23-BEF502533FB9}.Debug2|x86.ActiveCfg = Debug|Any CPU
		{A56F2D7A-9E4A-4CAA-8E23-BEF502533FB9}.Debug2|x86.Build.0 = Debug|Any CPU
		{A56F2D7A-9E4A-4CAA-8E23-BEF502533FB9}.DebugLocal|Any CPU.ActiveCfg = Debug|Any CPU
		{A56F2D7A-9E4A-4CAA-8E23-BEF502533FB9}.DebugLocal|Any CPU.Build.0 = Debug|Any CPU
		{A56F2D7A-9E4A-4CAA-8E23-BEF502533FB9}.DebugLocal|x86.ActiveCfg = Debug|Any CPU
		{A56F2D7A-9E4A-4CAA-8E23-BEF502533FB9}.Production|Any CPU.ActiveCfg = Release|Any CPU
		{A56F2D7A-9E4A-4CAA-8E23-BEF502533FB9}.Production|Any CPU.Build.0 = Release|Any CPU
		{A56F2D7A-9E4A-4CAA-8E23-BEF502533FB9}.Production|x86.ActiveCfg = Release|Any CPU
		{A56F2D7A-9E4A-4CAA-8E23-BEF502533FB9}.Release|Any CPU.ActiveCfg = Release|Any CPU
		{A56F2D7A-9E4A-4CAA-8E23-BEF502533FB9}.Release|Any CPU.Build.0 = Release|Any CPU
		{A56F2D7A-9E4A-4CAA-8E23-BEF502533FB9}.Release|x86.ActiveCfg = Release|Any CPU
		{37C82553-77FD-4EC9-9D66-0564A938A940}.Debug|Any CPU.ActiveCfg = Debug|Any CPU
		{37C82553-77FD-4EC9-9D66-0564A938A940}.Debug|Any CPU.Build.0 = Debug|Any CPU
		{37C82553-77FD-4EC9-9D66-0564A938A940}.Debug|x86.ActiveCfg = Debug|Any CPU
		{37C82553-77FD-4EC9-9D66-0564A938A940}.Debug2|Any CPU.ActiveCfg = Debug|Any CPU
		{37C82553-77FD-4EC9-9D66-0564A938A940}.Debug2|Any CPU.Build.0 = Debug|Any CPU
		{37C82553-77FD-4EC9-9D66-0564A938A940}.Debug2|x86.ActiveCfg = Debug|Any CPU
		{37C82553-77FD-4EC9-9D66-0564A938A940}.Debug2|x86.Build.0 = Debug|Any CPU
		{37C82553-77FD-4EC9-9D66-0564A938A940}.DebugLocal|Any CPU.ActiveCfg = Debug|Any CPU
		{37C82553-77FD-4EC9-9D66-0564A938A940}.DebugLocal|Any CPU.Build.0 = Debug|Any CPU
		{37C82553-77FD-4EC9-9D66-0564A938A940}.DebugLocal|x86.ActiveCfg = Debug|Any CPU
		{37C82553-77FD-4EC9-9D66-0564A938A940}.Production|Any CPU.ActiveCfg = Release|Any CPU
		{37C82553-77FD-4EC9-9D66-0564A938A940}.Production|Any CPU.Build.0 = Release|Any CPU
		{37C82553-77FD-4EC9-9D66-0564A938A940}.Production|x86.ActiveCfg = Release|Any CPU
		{37C82553-77FD-4EC9-9D66-0564A938A940}.Release|Any CPU.ActiveCfg = Release|Any CPU
		{37C82553-77FD-4EC9-9D66-0564A938A940}.Release|Any CPU.Build.0 = Release|Any CPU
		{37C82553-77FD-4EC9-9D66-0564A938A940}.Release|x86.ActiveCfg = Release|Any CPU
		{4A84C415-7160-4983-A451-A20DAFBFDE25}.Debug|Any CPU.ActiveCfg = Debug|Any CPU
		{4A84C415-7160-4983-A451-A20DAFBFDE25}.Debug|Any CPU.Build.0 = Debug|Any CPU
		{4A84C415-7160-4983-A451-A20DAFBFDE25}.Debug|x86.ActiveCfg = Debug|Any CPU
		{4A84C415-7160-4983-A451-A20DAFBFDE25}.Debug2|Any CPU.ActiveCfg = Debug|Any CPU
		{4A84C415-7160-4983-A451-A20DAFBFDE25}.Debug2|Any CPU.Build.0 = Debug|Any CPU
		{4A84C415-7160-4983-A451-A20DAFBFDE25}.Debug2|x86.ActiveCfg = Debug|x86
		{4A84C415-7160-4983-A451-A20DAFBFDE25}.Debug2|x86.Build.0 = Debug|x86
		{4A84C415-7160-4983-A451-A20DAFBFDE25}.DebugLocal|Any CPU.ActiveCfg = Debug|Any CPU
		{4A84C415-7160-4983-A451-A20DAFBFDE25}.DebugLocal|Any CPU.Build.0 = Debug|Any CPU
		{4A84C415-7160-4983-A451-A20DAFBFDE25}.DebugLocal|x86.ActiveCfg = Debug|Any CPU
		{4A84C415-7160-4983-A451-A20DAFBFDE25}.Production|Any CPU.ActiveCfg = Release|Any CPU
		{4A84C415-7160-4983-A451-A20DAFBFDE25}.Production|Any CPU.Build.0 = Release|Any CPU
		{4A84C415-7160-4983-A451-A20DAFBFDE25}.Production|x86.ActiveCfg = Release|Any CPU
		{4A84C415-7160-4983-A451-A20DAFBFDE25}.Release|Any CPU.ActiveCfg = Release|Any CPU
		{4A84C415-7160-4983-A451-A20DAFBFDE25}.Release|Any CPU.Build.0 = Release|Any CPU
		{4A84C415-7160-4983-A451-A20DAFBFDE25}.Release|x86.ActiveCfg = Release|Any CPU
		{6ADB59E4-6293-4781-AB91-6D4FA495FF64}.Debug|Any CPU.ActiveCfg = Debug|Any CPU
		{6ADB59E4-6293-4781-AB91-6D4FA495FF64}.Debug|Any CPU.Build.0 = Debug|Any CPU
		{6ADB59E4-6293-4781-AB91-6D4FA495FF64}.Debug|x86.ActiveCfg = Debug|Any CPU
		{6ADB59E4-6293-4781-AB91-6D4FA495FF64}.Debug|x86.Build.0 = Debug|Any CPU
		{6ADB59E4-6293-4781-AB91-6D4FA495FF64}.Debug2|Any CPU.ActiveCfg = Debug2|Any CPU
		{6ADB59E4-6293-4781-AB91-6D4FA495FF64}.Debug2|Any CPU.Build.0 = Debug2|Any CPU
		{6ADB59E4-6293-4781-AB91-6D4FA495FF64}.Debug2|x86.ActiveCfg = Debug2|Any CPU
		{6ADB59E4-6293-4781-AB91-6D4FA495FF64}.Debug2|x86.Build.0 = Debug2|Any CPU
		{6ADB59E4-6293-4781-AB91-6D4FA495FF64}.DebugLocal|Any CPU.ActiveCfg = Debug2|Any CPU
		{6ADB59E4-6293-4781-AB91-6D4FA495FF64}.DebugLocal|Any CPU.Build.0 = Debug2|Any CPU
		{6ADB59E4-6293-4781-AB91-6D4FA495FF64}.DebugLocal|x86.ActiveCfg = Debug2|Any CPU
		{6ADB59E4-6293-4781-AB91-6D4FA495FF64}.DebugLocal|x86.Build.0 = Debug2|Any CPU
		{6ADB59E4-6293-4781-AB91-6D4FA495FF64}.Production|Any CPU.ActiveCfg = Debug2|Any CPU
		{6ADB59E4-6293-4781-AB91-6D4FA495FF64}.Production|Any CPU.Build.0 = Debug2|Any CPU
		{6ADB59E4-6293-4781-AB91-6D4FA495FF64}.Production|x86.ActiveCfg = Debug2|Any CPU
		{6ADB59E4-6293-4781-AB91-6D4FA495FF64}.Production|x86.Build.0 = Debug2|Any CPU
		{6ADB59E4-6293-4781-AB91-6D4FA495FF64}.Release|Any CPU.ActiveCfg = Release|Any CPU
		{6ADB59E4-6293-4781-AB91-6D4FA495FF64}.Release|Any CPU.Build.0 = Release|Any CPU
		{6ADB59E4-6293-4781-AB91-6D4FA495FF64}.Release|x86.ActiveCfg = Release|Any CPU
		{6ADB59E4-6293-4781-AB91-6D4FA495FF64}.Release|x86.Build.0 = Release|Any CPU
		{20AA1995-A859-42A5-809B-2DB03C6FAF60}.Debug|Any CPU.ActiveCfg = Debug|Any CPU
		{20AA1995-A859-42A5-809B-2DB03C6FAF60}.Debug|Any CPU.Build.0 = Debug|Any CPU
		{20AA1995-A859-42A5-809B-2DB03C6FAF60}.Debug|x86.ActiveCfg = Debug|Any CPU
		{20AA1995-A859-42A5-809B-2DB03C6FAF60}.Debug|x86.Build.0 = Debug|Any CPU
		{20AA1995-A859-42A5-809B-2DB03C6FAF60}.Debug2|Any CPU.ActiveCfg = Debug2|Any CPU
		{20AA1995-A859-42A5-809B-2DB03C6FAF60}.Debug2|Any CPU.Build.0 = Debug2|Any CPU
		{20AA1995-A859-42A5-809B-2DB03C6FAF60}.Debug2|x86.ActiveCfg = Debug2|Any CPU
		{20AA1995-A859-42A5-809B-2DB03C6FAF60}.Debug2|x86.Build.0 = Debug2|Any CPU
		{20AA1995-A859-42A5-809B-2DB03C6FAF60}.DebugLocal|Any CPU.ActiveCfg = Debug2|Any CPU
		{20AA1995-A859-42A5-809B-2DB03C6FAF60}.DebugLocal|Any CPU.Build.0 = Debug2|Any CPU
		{20AA1995-A859-42A5-809B-2DB03C6FAF60}.DebugLocal|x86.ActiveCfg = Debug2|Any CPU
		{20AA1995-A859-42A5-809B-2DB03C6FAF60}.DebugLocal|x86.Build.0 = Debug2|Any CPU
		{20AA1995-A859-42A5-809B-2DB03C6FAF60}.Production|Any CPU.ActiveCfg = Debug2|Any CPU
		{20AA1995-A859-42A5-809B-2DB03C6FAF60}.Production|Any CPU.Build.0 = Debug2|Any CPU
		{20AA1995-A859-42A5-809B-2DB03C6FAF60}.Production|x86.ActiveCfg = Debug2|Any CPU
		{20AA1995-A859-42A5-809B-2DB03C6FAF60}.Production|x86.Build.0 = Debug2|Any CPU
		{20AA1995-A859-42A5-809B-2DB03C6FAF60}.Release|Any CPU.ActiveCfg = Release|Any CPU
		{20AA1995-A859-42A5-809B-2DB03C6FAF60}.Release|Any CPU.Build.0 = Release|Any CPU
		{20AA1995-A859-42A5-809B-2DB03C6FAF60}.Release|x86.ActiveCfg = Release|Any CPU
		{20AA1995-A859-42A5-809B-2DB03C6FAF60}.Release|x86.Build.0 = Release|Any CPU
		{65C80108-0D84-4C3D-9290-C779E74FFE58}.Debug|Any CPU.ActiveCfg = Debug|Any CPU
		{65C80108-0D84-4C3D-9290-C779E74FFE58}.Debug|Any CPU.Build.0 = Debug|Any CPU
		{65C80108-0D84-4C3D-9290-C779E74FFE58}.Debug|x86.ActiveCfg = Debug|Any CPU
		{65C80108-0D84-4C3D-9290-C779E74FFE58}.Debug|x86.Build.0 = Debug|Any CPU
		{65C80108-0D84-4C3D-9290-C779E74FFE58}.Debug2|Any CPU.ActiveCfg = Debug|Any CPU
		{65C80108-0D84-4C3D-9290-C779E74FFE58}.Debug2|Any CPU.Build.0 = Debug|Any CPU
		{65C80108-0D84-4C3D-9290-C779E74FFE58}.Debug2|x86.ActiveCfg = Debug|Any CPU
		{65C80108-0D84-4C3D-9290-C779E74FFE58}.Debug2|x86.Build.0 = Debug|Any CPU
		{65C80108-0D84-4C3D-9290-C779E74FFE58}.DebugLocal|Any CPU.ActiveCfg = Debug|Any CPU
		{65C80108-0D84-4C3D-9290-C779E74FFE58}.DebugLocal|Any CPU.Build.0 = Debug|Any CPU
		{65C80108-0D84-4C3D-9290-C779E74FFE58}.DebugLocal|x86.ActiveCfg = Debug|Any CPU
		{65C80108-0D84-4C3D-9290-C779E74FFE58}.DebugLocal|x86.Build.0 = Debug|Any CPU
		{65C80108-0D84-4C3D-9290-C779E74FFE58}.Production|Any CPU.ActiveCfg = Release|Any CPU
		{65C80108-0D84-4C3D-9290-C779E74FFE58}.Production|Any CPU.Build.0 = Release|Any CPU
		{65C80108-0D84-4C3D-9290-C779E74FFE58}.Production|x86.ActiveCfg = Release|Any CPU
		{65C80108-0D84-4C3D-9290-C779E74FFE58}.Production|x86.Build.0 = Release|Any CPU
		{65C80108-0D84-4C3D-9290-C779E74FFE58}.Release|Any CPU.ActiveCfg = Release|Any CPU
		{65C80108-0D84-4C3D-9290-C779E74FFE58}.Release|Any CPU.Build.0 = Release|Any CPU
		{65C80108-0D84-4C3D-9290-C779E74FFE58}.Release|x86.ActiveCfg = Release|Any CPU
		{65C80108-0D84-4C3D-9290-C779E74FFE58}.Release|x86.Build.0 = Release|Any CPU
		{3C8F5FEC-5D55-4B7E-8826-FE24974816F3}.Debug|Any CPU.ActiveCfg = Debug|Any CPU
		{3C8F5FEC-5D55-4B7E-8826-FE24974816F3}.Debug|Any CPU.Build.0 = Debug|Any CPU
		{3C8F5FEC-5D55-4B7E-8826-FE24974816F3}.Debug|x86.ActiveCfg = Debug|x86
		{3C8F5FEC-5D55-4B7E-8826-FE24974816F3}.Debug|x86.Build.0 = Debug|x86
		{3C8F5FEC-5D55-4B7E-8826-FE24974816F3}.Debug2|Any CPU.ActiveCfg = Debug|Any CPU
		{3C8F5FEC-5D55-4B7E-8826-FE24974816F3}.Debug2|Any CPU.Build.0 = Debug|Any CPU
		{3C8F5FEC-5D55-4B7E-8826-FE24974816F3}.Debug2|x86.ActiveCfg = Debug|x86
		{3C8F5FEC-5D55-4B7E-8826-FE24974816F3}.Debug2|x86.Build.0 = Debug|x86
		{3C8F5FEC-5D55-4B7E-8826-FE24974816F3}.DebugLocal|Any CPU.ActiveCfg = Debug|Any CPU
		{3C8F5FEC-5D55-4B7E-8826-FE24974816F3}.DebugLocal|Any CPU.Build.0 = Debug|Any CPU
		{3C8F5FEC-5D55-4B7E-8826-FE24974816F3}.DebugLocal|x86.ActiveCfg = Debug|x86
		{3C8F5FEC-5D55-4B7E-8826-FE24974816F3}.DebugLocal|x86.Build.0 = Debug|x86
		{3C8F5FEC-5D55-4B7E-8826-FE24974816F3}.Production|Any CPU.ActiveCfg = Debug|Any CPU
		{3C8F5FEC-5D55-4B7E-8826-FE24974816F3}.Production|Any CPU.Build.0 = Debug|Any CPU
		{3C8F5FEC-5D55-4B7E-8826-FE24974816F3}.Production|x86.ActiveCfg = Debug|x86
		{3C8F5FEC-5D55-4B7E-8826-FE24974816F3}.Production|x86.Build.0 = Debug|x86
		{3C8F5FEC-5D55-4B7E-8826-FE24974816F3}.Release|Any CPU.ActiveCfg = Release|Any CPU
		{3C8F5FEC-5D55-4B7E-8826-FE24974816F3}.Release|Any CPU.Build.0 = Release|Any CPU
		{3C8F5FEC-5D55-4B7E-8826-FE24974816F3}.Release|x86.ActiveCfg = Release|x86
		{3C8F5FEC-5D55-4B7E-8826-FE24974816F3}.Release|x86.Build.0 = Release|x86
		{6CDF220F-864C-48C1-86A8-45758729C958}.Debug|Any CPU.ActiveCfg = Debug|Any CPU
		{6CDF220F-864C-48C1-86A8-45758729C958}.Debug|Any CPU.Build.0 = Debug|Any CPU
		{6CDF220F-864C-48C1-86A8-45758729C958}.Debug|x86.ActiveCfg = Debug|x86
		{6CDF220F-864C-48C1-86A8-45758729C958}.Debug|x86.Build.0 = Debug|x86
		{6CDF220F-864C-48C1-86A8-45758729C958}.Debug2|Any CPU.ActiveCfg = Debug|Any CPU
		{6CDF220F-864C-48C1-86A8-45758729C958}.Debug2|Any CPU.Build.0 = Debug|Any CPU
		{6CDF220F-864C-48C1-86A8-45758729C958}.Debug2|x86.ActiveCfg = Debug|x86
		{6CDF220F-864C-48C1-86A8-45758729C958}.Debug2|x86.Build.0 = Debug|x86
		{6CDF220F-864C-48C1-86A8-45758729C958}.DebugLocal|Any CPU.ActiveCfg = Debug|Any CPU
		{6CDF220F-864C-48C1-86A8-45758729C958}.DebugLocal|Any CPU.Build.0 = Debug|Any CPU
		{6CDF220F-864C-48C1-86A8-45758729C958}.DebugLocal|x86.ActiveCfg = Debug|x86
		{6CDF220F-864C-48C1-86A8-45758729C958}.DebugLocal|x86.Build.0 = Debug|x86
		{6CDF220F-864C-48C1-86A8-45758729C958}.Production|Any CPU.ActiveCfg = Debug|Any CPU
		{6CDF220F-864C-48C1-86A8-45758729C958}.Production|Any CPU.Build.0 = Debug|Any CPU
		{6CDF220F-864C-48C1-86A8-45758729C958}.Production|x86.ActiveCfg = Debug|x86
		{6CDF220F-864C-48C1-86A8-45758729C958}.Production|x86.Build.0 = Debug|x86
		{6CDF220F-864C-48C1-86A8-45758729C958}.Release|Any CPU.ActiveCfg = Release|Any CPU
		{6CDF220F-864C-48C1-86A8-45758729C958}.Release|Any CPU.Build.0 = Release|Any CPU
		{6CDF220F-864C-48C1-86A8-45758729C958}.Release|x86.ActiveCfg = Release|x86
		{6CDF220F-864C-48C1-86A8-45758729C958}.Release|x86.Build.0 = Release|x86
		{6B6FC79D-9E58-46B8-B78A-52F430D42F07}.Debug|Any CPU.ActiveCfg = Debug|Any CPU
		{6B6FC79D-9E58-46B8-B78A-52F430D42F07}.Debug|Any CPU.Build.0 = Debug|Any CPU
		{6B6FC79D-9E58-46B8-B78A-52F430D42F07}.Debug|x86.ActiveCfg = Debug|Any CPU
		{6B6FC79D-9E58-46B8-B78A-52F430D42F07}.Debug|x86.Build.0 = Debug|Any CPU
		{6B6FC79D-9E58-46B8-B78A-52F430D42F07}.Debug2|Any CPU.ActiveCfg = Debug|Any CPU
		{6B6FC79D-9E58-46B8-B78A-52F430D42F07}.Debug2|Any CPU.Build.0 = Debug|Any CPU
		{6B6FC79D-9E58-46B8-B78A-52F430D42F07}.Debug2|x86.ActiveCfg = Debug|Any CPU
		{6B6FC79D-9E58-46B8-B78A-52F430D42F07}.Debug2|x86.Build.0 = Debug|Any CPU
		{6B6FC79D-9E58-46B8-B78A-52F430D42F07}.DebugLocal|Any CPU.ActiveCfg = Debug|Any CPU
		{6B6FC79D-9E58-46B8-B78A-52F430D42F07}.DebugLocal|Any CPU.Build.0 = Debug|Any CPU
		{6B6FC79D-9E58-46B8-B78A-52F430D42F07}.DebugLocal|x86.ActiveCfg = Debug|Any CPU
		{6B6FC79D-9E58-46B8-B78A-52F430D42F07}.DebugLocal|x86.Build.0 = Debug|Any CPU
		{6B6FC79D-9E58-46B8-B78A-52F430D42F07}.Production|Any CPU.ActiveCfg = Debug|Any CPU
		{6B6FC79D-9E58-46B8-B78A-52F430D42F07}.Production|Any CPU.Build.0 = Debug|Any CPU
		{6B6FC79D-9E58-46B8-B78A-52F430D42F07}.Production|x86.ActiveCfg = Debug|Any CPU
		{6B6FC79D-9E58-46B8-B78A-52F430D42F07}.Production|x86.Build.0 = Debug|Any CPU
		{6B6FC79D-9E58-46B8-B78A-52F430D42F07}.Release|Any CPU.ActiveCfg = Release|Any CPU
		{6B6FC79D-9E58-46B8-B78A-52F430D42F07}.Release|Any CPU.Build.0 = Release|Any CPU
		{6B6FC79D-9E58-46B8-B78A-52F430D42F07}.Release|x86.ActiveCfg = Release|Any CPU
		{6B6FC79D-9E58-46B8-B78A-52F430D42F07}.Release|x86.Build.0 = Release|Any CPU
		{FD85CC95-CD2D-4283-B679-2A5CBCFAA0EE}.Debug|Any CPU.ActiveCfg = Debug|Any CPU
		{FD85CC95-CD2D-4283-B679-2A5CBCFAA0EE}.Debug|Any CPU.Build.0 = Debug|Any CPU
		{FD85CC95-CD2D-4283-B679-2A5CBCFAA0EE}.Debug|x86.ActiveCfg = Debug|Any CPU
		{FD85CC95-CD2D-4283-B679-2A5CBCFAA0EE}.Debug|x86.Build.0 = Debug|Any CPU
		{FD85CC95-CD2D-4283-B679-2A5CBCFAA0EE}.Debug2|Any CPU.ActiveCfg = Debug|Any CPU
		{FD85CC95-CD2D-4283-B679-2A5CBCFAA0EE}.Debug2|Any CPU.Build.0 = Debug|Any CPU
		{FD85CC95-CD2D-4283-B679-2A5CBCFAA0EE}.Debug2|x86.ActiveCfg = Debug|Any CPU
		{FD85CC95-CD2D-4283-B679-2A5CBCFAA0EE}.Debug2|x86.Build.0 = Debug|Any CPU
		{FD85CC95-CD2D-4283-B679-2A5CBCFAA0EE}.DebugLocal|Any CPU.ActiveCfg = Debug|Any CPU
		{FD85CC95-CD2D-4283-B679-2A5CBCFAA0EE}.DebugLocal|Any CPU.Build.0 = Debug|Any CPU
		{FD85CC95-CD2D-4283-B679-2A5CBCFAA0EE}.DebugLocal|x86.ActiveCfg = Debug|Any CPU
		{FD85CC95-CD2D-4283-B679-2A5CBCFAA0EE}.DebugLocal|x86.Build.0 = Debug|Any CPU
		{FD85CC95-CD2D-4283-B679-2A5CBCFAA0EE}.Production|Any CPU.ActiveCfg = Debug|Any CPU
		{FD85CC95-CD2D-4283-B679-2A5CBCFAA0EE}.Production|Any CPU.Build.0 = Debug|Any CPU
		{FD85CC95-CD2D-4283-B679-2A5CBCFAA0EE}.Production|x86.ActiveCfg = Debug|Any CPU
		{FD85CC95-CD2D-4283-B679-2A5CBCFAA0EE}.Production|x86.Build.0 = Debug|Any CPU
		{FD85CC95-CD2D-4283-B679-2A5CBCFAA0EE}.Release|Any CPU.ActiveCfg = Release|Any CPU
		{FD85CC95-CD2D-4283-B679-2A5CBCFAA0EE}.Release|Any CPU.Build.0 = Release|Any CPU
		{FD85CC95-CD2D-4283-B679-2A5CBCFAA0EE}.Release|x86.ActiveCfg = Release|Any CPU
		{FD85CC95-CD2D-4283-B679-2A5CBCFAA0EE}.Release|x86.Build.0 = Release|Any CPU
		{5B773E87-02E7-40A3-B5D9-B6143A29F850}.Debug|Any CPU.ActiveCfg = Debug|Any CPU
		{5B773E87-02E7-40A3-B5D9-B6143A29F850}.Debug|Any CPU.Build.0 = Debug|Any CPU
		{5B773E87-02E7-40A3-B5D9-B6143A29F850}.Debug|x86.ActiveCfg = Debug|x86
		{5B773E87-02E7-40A3-B5D9-B6143A29F850}.Debug|x86.Build.0 = Debug|x86
		{5B773E87-02E7-40A3-B5D9-B6143A29F850}.Debug2|Any CPU.ActiveCfg = Debug|Any CPU
		{5B773E87-02E7-40A3-B5D9-B6143A29F850}.Debug2|Any CPU.Build.0 = Debug|Any CPU
		{5B773E87-02E7-40A3-B5D9-B6143A29F850}.Debug2|x86.ActiveCfg = Debug|x86
		{5B773E87-02E7-40A3-B5D9-B6143A29F850}.Debug2|x86.Build.0 = Debug|x86
		{5B773E87-02E7-40A3-B5D9-B6143A29F850}.DebugLocal|Any CPU.ActiveCfg = Debug|Any CPU
		{5B773E87-02E7-40A3-B5D9-B6143A29F850}.DebugLocal|Any CPU.Build.0 = Debug|Any CPU
		{5B773E87-02E7-40A3-B5D9-B6143A29F850}.DebugLocal|x86.ActiveCfg = Debug|x86
		{5B773E87-02E7-40A3-B5D9-B6143A29F850}.DebugLocal|x86.Build.0 = Debug|x86
		{5B773E87-02E7-40A3-B5D9-B6143A29F850}.Production|Any CPU.ActiveCfg = Debug|Any CPU
		{5B773E87-02E7-40A3-B5D9-B6143A29F850}.Production|Any CPU.Build.0 = Debug|Any CPU
		{5B773E87-02E7-40A3-B5D9-B6143A29F850}.Production|x86.ActiveCfg = Debug|x86
		{5B773E87-02E7-40A3-B5D9-B6143A29F850}.Production|x86.Build.0 = Debug|x86
		{5B773E87-02E7-40A3-B5D9-B6143A29F850}.Release|Any CPU.ActiveCfg = Release|Any CPU
		{5B773E87-02E7-40A3-B5D9-B6143A29F850}.Release|Any CPU.Build.0 = Release|Any CPU
		{5B773E87-02E7-40A3-B5D9-B6143A29F850}.Release|x86.ActiveCfg = Release|x86
		{5B773E87-02E7-40A3-B5D9-B6143A29F850}.Release|x86.Build.0 = Release|x86
		{D0A2B1F8-27AB-4C2C-AB64-9BAB3303E08E}.Debug|Any CPU.ActiveCfg = Debug|Any CPU
		{D0A2B1F8-27AB-4C2C-AB64-9BAB3303E08E}.Debug|Any CPU.Build.0 = Debug|Any CPU
		{D0A2B1F8-27AB-4C2C-AB64-9BAB3303E08E}.Debug|x86.ActiveCfg = Debug|Any CPU
		{D0A2B1F8-27AB-4C2C-AB64-9BAB3303E08E}.Debug|x86.Build.0 = Debug|Any CPU
		{D0A2B1F8-27AB-4C2C-AB64-9BAB3303E08E}.Debug2|Any CPU.ActiveCfg = Debug|Any CPU
		{D0A2B1F8-27AB-4C2C-AB64-9BAB3303E08E}.Debug2|Any CPU.Build.0 = Debug|Any CPU
		{D0A2B1F8-27AB-4C2C-AB64-9BAB3303E08E}.Debug2|x86.ActiveCfg = Debug|Any CPU
		{D0A2B1F8-27AB-4C2C-AB64-9BAB3303E08E}.Debug2|x86.Build.0 = Debug|Any CPU
		{D0A2B1F8-27AB-4C2C-AB64-9BAB3303E08E}.DebugLocal|Any CPU.ActiveCfg = Debug|Any CPU
		{D0A2B1F8-27AB-4C2C-AB64-9BAB3303E08E}.DebugLocal|Any CPU.Build.0 = Debug|Any CPU
		{D0A2B1F8-27AB-4C2C-AB64-9BAB3303E08E}.DebugLocal|x86.ActiveCfg = Debug|Any CPU
		{D0A2B1F8-27AB-4C2C-AB64-9BAB3303E08E}.DebugLocal|x86.Build.0 = Debug|Any CPU
		{D0A2B1F8-27AB-4C2C-AB64-9BAB3303E08E}.Production|Any CPU.ActiveCfg = Debug|Any CPU
		{D0A2B1F8-27AB-4C2C-AB64-9BAB3303E08E}.Production|Any CPU.Build.0 = Debug|Any CPU
		{D0A2B1F8-27AB-4C2C-AB64-9BAB3303E08E}.Production|x86.ActiveCfg = Debug|Any CPU
		{D0A2B1F8-27AB-4C2C-AB64-9BAB3303E08E}.Production|x86.Build.0 = Debug|Any CPU
		{D0A2B1F8-27AB-4C2C-AB64-9BAB3303E08E}.Release|Any CPU.ActiveCfg = Release|Any CPU
		{D0A2B1F8-27AB-4C2C-AB64-9BAB3303E08E}.Release|Any CPU.Build.0 = Release|Any CPU
		{D0A2B1F8-27AB-4C2C-AB64-9BAB3303E08E}.Release|x86.ActiveCfg = Release|Any CPU
		{D0A2B1F8-27AB-4C2C-AB64-9BAB3303E08E}.Release|x86.Build.0 = Release|Any CPU
	EndGlobalSection
	GlobalSection(SolutionProperties) = preSolution
		HideSolutionNode = FALSE
	EndGlobalSection
	GlobalSection(ExtensibilityGlobals) = postSolution
		SolutionGuid = {E8148C94-7972-4E76-83AC-3B025F809533}
	EndGlobalSection
EndGlobal
