
Microsoft Visual Studio Solution File, Format Version 11.00
# Visual Studio 2010
Project("{FAE04EC0-301F-11D3-BF4B-00C04F79EFBC}") = "TransOO", "TransOO.csproj", "{37C82553-77FD-4EC9-9D66-0564A938A940}"
EndProject
Global
	GlobalSection(SourceCodeControl) = preSolution
		SccNumberOfProjects = 2
		SccLocalPath0 = .
		SccProjectUniqueName1 = TransOO.csproj
		SccLocalPath1 = .
	EndGlobalSection
	GlobalSection(SolutionConfigurationPlatforms) = preSolution
		Debug|Any CPU = Debug|Any CPU
		Release|Any CPU = Release|Any CPU
	EndGlobalSection
	GlobalSection(ProjectConfigurationPlatforms) = postSolution
		{37C82553-77FD-4EC9-9D66-0564A938A940}.Debug|Any CPU.ActiveCfg = Debug|Any CPU
		{37C82553-77FD-4EC9-9D66-0564A938A940}.Debug|Any CPU.Build.0 = Debug|Any CPU
		{37C82553-77FD-4EC9-9D66-0564A938A940}.Release|Any CPU.ActiveCfg = Release|Any CPU
		{37C82553-77FD-4EC9-9D66-0564A938A940}.Release|Any CPU.Build.0 = Release|Any CPU
	EndGlobalSection
	GlobalSection(SolutionProperties) = preSolution
		HideSolutionNode = FALSE
	EndGlobalSection
EndGlobal
